
Microsoft Visual Studio Solution File, Format Version 12.00
# Visual Studio 15
VisualStudioVersion = 15.0.28010.2036
MinimumVisualStudioVersion = 10.0.40219.1
Project("{FAE04EC0-301F-11D3-BF4B-00C04F79EFBC}") = "ConsoleApp23", "ConsoleApp23\ConsoleApp23.csproj", "{D6AF25AC-764E-4CD5-B0E9-FC2AB145862C}"
EndProject
Global
	GlobalSection(SolutionConfigurationPlatforms) = preSolution
		Debug|Any CPU = Debug|Any CPU
		Release|Any CPU = Release|Any CPU
	EndGlobalSection
	GlobalSection(ProjectConfigurationPlatforms) = postSolution
		{D6AF25AC-764E-4CD5-B0E9-FC2AB145862C}.Debug|Any CPU.ActiveCfg = Debug|Any CPU
		{D6AF25AC-764E-4CD5-B0E9-FC2AB145862C}.Debug|Any CPU.Build.0 = Debug|Any CPU
		{D6AF25AC-764E-4CD5-B0E9-FC2AB145862C}.Release|Any CPU.ActiveCfg = Release|Any CPU
		{D6AF25AC-764E-4CD5-B0E9-FC2AB145862C}.Release|Any CPU.Build.0 = Release|Any CPU
	EndGlobalSection
	GlobalSection(SolutionProperties) = preSolution
		HideSolutionNode = FALSE
	EndGlobalSection
	GlobalSection(ExtensibilityGlobals) = postSolution
		SolutionGuid = {5CCD294E-E1A4-4DA7-ABED-CBA29BF50839}
	EndGlobalSection
EndGlobal
